
Microsoft Visual Studio Solution File, Format Version 12.00
# Visual Studio 15
Project("{FAE04EC0-301F-11D3-BF4B-00C04F79EFBC}") = "Assembly-CSharp", "Assembly-CSharp.csproj", "{B1E1BC7D-11C4-7E88-6701-57D6CE5A2A25}"
EndProject
Project("{FAE04EC0-301F-11D3-BF4B-00C04F79EFBC}") = "MToon", "MToon.csproj", "{6174FD44-68F7-CC23-02F8-F75517F8947B}"
EndProject
Project("{FAE04EC0-301F-11D3-BF4B-00C04F79EFBC}") = "Assembly-CSharp-Editor", "Assembly-CSharp-Editor.csproj", "{ED903994-8003-8F29-1295-2755EA77C54F}"
EndProject
Project("{FAE04EC0-301F-11D3-BF4B-00C04F79EFBC}") = "MToon.Editor", "MToon.Editor.csproj", "{EC1C390E-CD32-7578-0D07-5C50E01C6DAD}"
EndProject
Global
	GlobalSection(SolutionConfigurationPlatforms) = preSolution
		Debug|Any CPU = Debug|Any CPU
		Release|Any CPU = Release|Any CPU
	EndGlobalSection
	GlobalSection(ProjectConfigurationPlatforms) = postSolution
		{B1E1BC7D-11C4-7E88-6701-57D6CE5A2A25}.Debug|Any CPU.ActiveCfg = Debug|Any CPU
		{B1E1BC7D-11C4-7E88-6701-57D6CE5A2A25}.Debug|Any CPU.Build.0 = Debug|Any CPU
		{B1E1BC7D-11C4-7E88-6701-57D6CE5A2A25}.Release|Any CPU.ActiveCfg = Release|Any CPU
		{B1E1BC7D-11C4-7E88-6701-57D6CE5A2A25}.Release|Any CPU.Build.0 = Release|Any CPU
		{6174FD44-68F7-CC23-02F8-F75517F8947B}.Debug|Any CPU.ActiveCfg = Debug|Any CPU
		{6174FD44-68F7-CC23-02F8-F75517F8947B}.Debug|Any CPU.Build.0 = Debug|Any CPU
		{6174FD44-68F7-CC23-02F8-F75517F8947B}.Release|Any CPU.ActiveCfg = Release|Any CPU
		{6174FD44-68F7-CC23-02F8-F75517F8947B}.Release|Any CPU.Build.0 = Release|Any CPU
		{ED903994-8003-8F29-1295-2755EA77C54F}.Debug|Any CPU.ActiveCfg = Debug|Any CPU
		{ED903994-8003-8F29-1295-2755EA77C54F}.Debug|Any CPU.Build.0 = Debug|Any CPU
		{ED903994-8003-8F29-1295-2755EA77C54F}.Release|Any CPU.ActiveCfg = Release|Any CPU
		{ED903994-8003-8F29-1295-2755EA77C54F}.Release|Any CPU.Build.0 = Release|Any CPU
		{EC1C390E-CD32-7578-0D07-5C50E01C6DAD}.Debug|Any CPU.ActiveCfg = Debug|Any CPU
		{EC1C390E-CD32-7578-0D07-5C50E01C6DAD}.Debug|Any CPU.Build.0 = Debug|Any CPU
		{EC1C390E-CD32-7578-0D07-5C50E01C6DAD}.Release|Any CPU.ActiveCfg = Release|Any CPU
		{EC1C390E-CD32-7578-0D07-5C50E01C6DAD}.Release|Any CPU.Build.0 = Release|Any CPU
	EndGlobalSection
	GlobalSection(SolutionProperties) = preSolution
		HideSolutionNode = FALSE
	EndGlobalSection
EndGlobal
